// !$*UTF8*$!
{
	archiveVersion = 1;
	classes = {
	};
	objectVersion = 46;
	objects = {

/* Begin PBXBuildFile section */
		572965B31DFE96F700599A75 /* main.m in Sources */ = {isa = PBXBuildFile; fileRef = 572965B21DFE96F700599A75 /* main.m */; };
		572965B61DFE96F700599A75 /* AppDelegate.m in Sources */ = {isa = PBXBuildFile; fileRef = 572965B51DFE96F700599A75 /* AppDelegate.m */; };
		572965B91DFE96F700599A75 /* ViewController.m in Sources */ = {isa = PBXBuildFile; fileRef = 572965B81DFE96F700599A75 /* ViewController.m */; };
		572965BC1DFE96F700599A75 /* Main.storyboard in Resources */ = {isa = PBXBuildFile; fileRef = 572965BA1DFE96F700599A75 /* Main.storyboard */; };
		572965BE1DFE96F700599A75 /* Assets.xcassets in Resources */ = {isa = PBXBuildFile; fileRef = 572965BD1DFE96F700599A75 /* Assets.xcassets */; };
		572965C11DFE96F700599A75 /* LaunchScreen.storyboard in Resources */ = {isa = PBXBuildFile; fileRef = 572965BF1DFE96F700599A75 /* LaunchScreen.storyboard */; };
		572965C91DFE9DF900599A75 /* a.jpeg in Resources */ = {isa = PBXBuildFile; fileRef = 572965C81DFE9DF900599A75 /* a.jpeg */; };
		572965CB1DFEC8AD00599A75 /* chang.jpg in Resources */ = {isa = PBXBuildFile; fileRef = 572965CA1DFEC8AD00599A75 /* chang.jpg */; };
		572965CE1DFECA4A00599A75 /* AutoSizeContentViewController.m in Sources */ = {isa = PBXBuildFile; fileRef = 572965CD1DFECA4A00599A75 /* AutoSizeContentViewController.m */; };
		572965D11DFED31500599A75 /* ScreenShotViewController.m in Sources */ = {isa = PBXBuildFile; fileRef = 572965D01DFED31500599A75 /* ScreenShotViewController.m */; };
		6C0C8085831EF99BA990C445 /* libPods-testScreen.a in Frameworks */ = {isa = PBXBuildFile; fileRef = C09D7B820A186A0EA5654E17 /* libPods-testScreen.a */; };
/* End PBXBuildFile section */

/* Begin PBXFileReference section */
		30B1D49E5705964AFE984700 /* Pods-testScreen.debug.xcconfig */ = {isa = PBXFileReference; includeInIndex = 1; lastKnownFileType = text.xcconfig; name = "Pods-testScreen.debug.xcconfig"; path = "Pods/Target Support Files/Pods-testScreen/Pods-testScreen.debug.xcconfig"; sourceTree = "<group>"; };
		572965AE1DFE96F700599A75 /* testScreen.app */ = {isa = PBXFileReference; explicitFileType = wrapper.application; includeInIndex = 0; path = testScreen.app; sourceTree = BUILT_PRODUCTS_DIR; };
		572965B21DFE96F700599A75 /* main.m */ = {isa = PBXFileReference; lastKnownFileType = sourcecode.c.objc; path = main.m; sourceTree = "<group>"; };
		572965B41DFE96F700599A75 /* AppDelegate.h */ = {isa = PBXFileReference; lastKnownFileType = sourcecode.c.h; path = AppDelegate.h; sourceTree = "<group>"; };
		572965B51DFE96F700599A75 /* AppDelegate.m */ = {isa = PBXFileReference; lastKnownFileType = sourcecode.c.objc; path = AppDelegate.m; sourceTree = "<group>"; };
		572965B71DFE96F700599A75 /* ViewController.h */ = {isa = PBXFileReference; lastKnownFileType = sourcecode.c.h; path = ViewController.h; sourceTree = "<group>"; };
		572965B81DFE96F700599A75 /* ViewController.m */ = {isa = PBXFileReference; lastKnownFileType = sourcecode.c.objc; path = ViewController.m; sourceTree = "<group>"; };
		572965BB1DFE96F700599A75 /* Base */ = {isa = PBXFileReference; lastKnownFileType = file.storyboard; name = Base; path = Base.lproj/Main.storyboard; sourceTree = "<group>"; };
		572965BD1DFE96F700599A75 /* Assets.xcassets */ = {isa = PBXFileReference; lastKnownFileType = folder.assetcatalog; path = Assets.xcassets; sourceTree = "<group>"; };
		572965C01DFE96F700599A75 /* Base */ = {isa = PBXFileReference; lastKnownFileType = file.storyboard; name = Base; path = Base.lproj/LaunchScreen.storyboard; sourceTree = "<group>"; };
		572965C21DFE96F700599A75 /* Info.plist */ = {isa = PBXFileReference; lastKnownFileType = text.plist.xml; path = Info.plist; sourceTree = "<group>"; };
		572965C81DFE9DF900599A75 /* a.jpeg */ = {isa = PBXFileReference; lastKnownFileType = image.jpeg; path = a.jpeg; sourceTree = "<group>"; };
		572965CA1DFEC8AD00599A75 /* chang.jpg */ = {isa = PBXFileReference; lastKnownFileType = image.jpeg; path = chang.jpg; sourceTree = "<group>"; };
		572965CC1DFECA4A00599A75 /* AutoSizeContentViewController.h */ = {isa = PBXFileReference; fileEncoding = 4; lastKnownFileType = sourcecode.c.h; path = AutoSizeContentViewController.h; sourceTree = "<group>"; };
		572965CD1DFECA4A00599A75 /* AutoSizeContentViewController.m */ = {isa = PBXFileReference; fileEncoding = 4; lastKnownFileType = sourcecode.c.objc; path = AutoSizeContentViewController.m; sourceTree = "<group>"; };
		572965CF1DFED31500599A75 /* ScreenShotViewController.h */ = {isa = PBXFileReference; fileEncoding = 4; lastKnownFileType = sourcecode.c.h; path = ScreenShotViewController.h; sourceTree = "<group>"; };
		572965D01DFED31500599A75 /* ScreenShotViewController.m */ = {isa = PBXFileReference; fileEncoding = 4; lastKnownFileType = sourcecode.c.objc; path = ScreenShotViewController.m; sourceTree = "<group>"; };
		87F39D28B4753DDD76C77C02 /* Pods-testScreen.release.xcconfig */ = {isa = PBXFileReference; includeInIndex = 1; lastKnownFileType = text.xcconfig; name = "Pods-testScreen.release.xcconfig"; path = "Pods/Target Support Files/Pods-testScreen/Pods-testScreen.release.xcconfig"; sourceTree = "<group>"; };
		C09D7B820A186A0EA5654E17 /* libPods-testScreen.a */ = {isa = PBXFileReference; explicitFileType = archive.ar; includeInIndex = 0; path = "libPods-testScreen.a"; sourceTree = BUILT_PRODUCTS_DIR; };
/* End PBXFileReference section */

/* Begin PBXFrameworksBuildPhase section */
		572965AB1DFE96F700599A75 /* Frameworks */ = {
			isa = PBXFrameworksBuildPhase;
			buildActionMask = 2147483647;
			files = (
				6C0C8085831EF99BA990C445 /* libPods-testScreen.a in Frameworks */,
			);
			runOnlyForDeploymentPostprocessing = 0;
		};
/* End PBXFrameworksBuildPhase section */

/* Begin PBXGroup section */
		1A241C8D32A6745815473CE8 /* Frameworks */ = {
			isa = PBXGroup;
			children = (
				C09D7B820A186A0EA5654E17 /* libPods-testScreen.a */,
			);
			name = Frameworks;
			sourceTree = "<group>";
		};
		572965A51DFE96F700599A75 = {
			isa = PBXGroup;
			children = (
				572965B01DFE96F700599A75 /* testScreen */,
				572965AF1DFE96F700599A75 /* Products */,
				EB60C596B3D3FB8D05824E7D /* Pods */,
				1A241C8D32A6745815473CE8 /* Frameworks */,
			);
			sourceTree = "<group>";
		};
		572965AF1DFE96F700599A75 /* Products */ = {
			isa = PBXGroup;
			children = (
				572965AE1DFE96F700599A75 /* testScreen.app */,
			);
			name = Products;
			sourceTree = "<group>";
		};
		572965B01DFE96F700599A75 /* testScreen */ = {
			isa = PBXGroup;
			children = (
				572965B41DFE96F700599A75 /* AppDelegate.h */,
				572965B51DFE96F700599A75 /* AppDelegate.m */,
				572965B71DFE96F700599A75 /* ViewController.h */,
				572965B81DFE96F700599A75 /* ViewController.m */,
				572965BA1DFE96F700599A75 /* Main.storyboard */,
				572965CF1DFED31500599A75 /* ScreenShotViewController.h */,
				572965D01DFED31500599A75 /* ScreenShotViewController.m */,
				572965BD1DFE96F700599A75 /* Assets.xcassets */,
				572965BF1DFE96F700599A75 /* LaunchScreen.storyboard */,
				572965C21DFE96F700599A75 /* Info.plist */,
				572965CA1DFEC8AD00599A75 /* chang.jpg */,
				572965C81DFE9DF900599A75 /* a.jpeg */,
				572965B11DFE96F700599A75 /* Supporting Files */,
				572965CC1DFECA4A00599A75 /* AutoSizeContentViewController.h */,
				572965CD1DFECA4A00599A75 /* AutoSizeContentViewController.m */,
			);
			path = testScreen;
			sourceTree = "<group>";
		};
		572965B11DFE96F700599A75 /* Supporting Files */ = {
			isa = PBXGroup;
			children = (
				572965B21DFE96F700599A75 /* main.m */,
			);
			name = "Supporting Files";
			sourceTree = "<group>";
		};
		EB60C596B3D3FB8D05824E7D /* Pods */ = {
			isa = PBXGroup;
			children = (
				30B1D49E5705964AFE984700 /* Pods-testScreen.debug.xcconfig */,
				87F39D28B4753DDD76C77C02 /* Pods-testScreen.release.xcconfig */,
			);
			name = Pods;
			sourceTree = "<group>";
		};
/* End PBXGroup section */

/* Begin PBXNativeTarget section */
		572965AD1DFE96F700599A75 /* testScreen */ = {
			isa = PBXNativeTarget;
			buildConfigurationList = 572965C51DFE96F700599A75 /* Build configuration list for PBXNativeTarget "testScreen" */;
			buildPhases = (
				D1D6AC0A069FF45E82EC39A4 /* [CP] Check Pods Manifest.lock */,
				572965AA1DFE96F700599A75 /* Sources */,
				572965AB1DFE96F700599A75 /* Frameworks */,
				572965AC1DFE96F700599A75 /* Resources */,
				096F361C763B4601109EDA2F /* [CP] Embed Pods Frameworks */,
				9F79172949AC6FD2A1EBF111 /* [CP] Copy Pods Resources */,
			);
			buildRules = (
			);
			dependencies = (
			);
			name = testScreen;
			productName = testScreen;
			productReference = 572965AE1DFE96F700599A75 /* testScreen.app */;
			productType = "com.apple.product-type.application";
		};
/* End PBXNativeTarget section */

/* Begin PBXProject section */
		572965A61DFE96F700599A75 /* Project object */ = {
			isa = PBXProject;
			attributes = {
				LastUpgradeCheck = 0730;
				ORGANIZATIONNAME = bdw;
				TargetAttributes = {
					572965AD1DFE96F700599A75 = {
						CreatedOnToolsVersion = 7.3.1;
						DevelopmentTeam = 5SZG96S44P;
					};
				};
			};
			buildConfigurationList = 572965A91DFE96F700599A75 /* Build configuration list for PBXProject "testScreen" */;
			compatibilityVersion = "Xcode 3.2";
			developmentRegion = English;
			hasScannedForEncodings = 0;
			knownRegions = (
				en,
				Base,
			);
			mainGroup = 572965A51DFE96F700599A75;
			productRefGroup = 572965AF1DFE96F700599A75 /* Products */;
			projectDirPath = "";
			projectRoot = "";
			targets = (
				572965AD1DFE96F700599A75 /* testScreen */,
			);
		};
/* End PBXProject section */

/* Begin PBXResourcesBuildPhase section */
		572965AC1DFE96F700599A75 /* Resources */ = {
			isa = PBXResourcesBuildPhase;
			buildActionMask = 2147483647;
			files = (
				572965C11DFE96F700599A75 /* LaunchScreen.storyboard in Resources */,
				572965BE1DFE96F700599A75 /* Assets.xcassets in Resources */,
				572965BC1DFE96F700599A75 /* Main.storyboard in Resources */,
				572965C91DFE9DF900599A75 /* a.jpeg in Resources */,
				572965CB1DFEC8AD00599A75 /* chang.jpg in Resources */,
			);
			runOnlyForDeploymentPostprocessing = 0;
		};
/* End PBXResourcesBuildPhase section */

/* Begin PBXShellScriptBuildPhase section */
		096F361C763B4601109EDA2F /* [CP] Embed Pods Frameworks */ = {
			isa = PBXShellScriptBuildPhase;
			buildActionMask = 2147483647;
			files = (
			);
			inputPaths = (
			);
			name = "[CP] Embed Pods Frameworks";
			outputPaths = (
			);
			runOnlyForDeploymentPostprocessing = 0;
			shellPath = /bin/sh;
			shellScript = "\"${SRCROOT}/Pods/Target Support Files/Pods-testScreen/Pods-testScreen-frameworks.sh\"\n";
			showEnvVarsInLog = 0;
		};
		9F79172949AC6FD2A1EBF111 /* [CP] Copy Pods Resources */ = {
			isa = PBXShellScriptBuildPhase;
			buildActionMask = 2147483647;
			files = (
			);
			inputPaths = (
			);
			name = "[CP] Copy Pods Resources";
			outputPaths = (
			);
			runOnlyForDeploymentPostprocessing = 0;
			shellPath = /bin/sh;
			shellScript = "\"${SRCROOT}/Pods/Target Support Files/Pods-testScreen/Pods-testScreen-resources.sh\"\n";
			showEnvVarsInLog = 0;
		};
		D1D6AC0A069FF45E82EC39A4 /* [CP] Check Pods Manifest.lock */ = {
			isa = PBXShellScriptBuildPhase;
			buildActionMask = 2147483647;
			files = (
			);
			inputPaths = (
			);
			name = "[CP] Check Pods Manifest.lock";
			outputPaths = (
			);
			runOnlyForDeploymentPostprocessing = 0;
			shellPath = /bin/sh;
			shellScript = "diff \"${PODS_ROOT}/../Podfile.lock\" \"${PODS_ROOT}/Manifest.lock\" > /dev/null\nif [ $? != 0 ] ; then\n    # print error to STDERR\n    echo \"error: The sandbox is not in sync with the Podfile.lock. Run 'pod install' or update your CocoaPods installation.\" >&2\n    exit 1\nfi\n";
			showEnvVarsInLog = 0;
		};
/* End PBXShellScriptBuildPhase section */

/* Begin PBXSourcesBuildPhase section */
		572965AA1DFE96F700599A75 /* Sources */ = {
			isa = PBXSourcesBuildPhase;
			buildActionMask = 2147483647;
			files = (
				572965CE1DFECA4A00599A75 /* AutoSizeContentViewController.m in Sources */,
				572965B91DFE96F700599A75 /* ViewController.m in Sources */,
				572965B61DFE96F700599A75 /* AppDelegate.m in Sources */,
				572965D11DFED31500599A75 /* ScreenShotViewController.m in Sources */,
				572965B31DFE96F700599A75 /* main.m in Sources */,
			);
			runOnlyForDeploymentPostprocessing = 0;
		};
/* End PBXSourcesBuildPhase section */

/* Begin PBXVariantGroup section */
		572965BA1DFE96F700599A75 /* Main.storyboard */ = {
			isa = PBXVariantGroup;
			children = (
				572965BB1DFE96F700599A75 /* Base */,
			);
			name = Main.storyboard;
			sourceTree = "<group>";
		};
		572965BF1DFE96F700599A75 /* LaunchScreen.storyboard */ = {
			isa = PBXVariantGroup;
			children = (
				572965C01DFE96F700599A75 /* Base */,
			);
			name = LaunchScreen.storyboard;
			sourceTree = "<group>";
		};
/* End PBXVariantGroup section */

/* Begin XCBuildConfiguration section */
		572965C31DFE96F700599A75 /* Debug */ = {
			isa = XCBuildConfiguration;
			buildSettings = {
				ALWAYS_SEARCH_USER_PATHS = NO;
				CLANG_ANALYZER_NONNULL = YES;
				CLANG_CXX_LANGUAGE_STANDARD = "gnu++0x";
				CLANG_CXX_LIBRARY = "libc++";
				CLANG_ENABLE_MODULES = YES;
				CLANG_ENABLE_OBJC_ARC = YES;
				CLANG_WARN_BOOL_CONVERSION = YES;
				CLANG_WARN_CONSTANT_CONVERSION = YES;
				CLANG_WARN_DIRECT_OBJC_ISA_USAGE = YES_ERROR;
				CLANG_WARN_EMPTY_BODY = YES;
				CLANG_WARN_ENUM_CONVERSION = YES;
				CLANG_WARN_INT_CONVERSION = YES;
				CLANG_WARN_OBJC_ROOT_CLASS = YES_ERROR;
				CLANG_WARN_UNREACHABLE_CODE = YES;
				CLANG_WARN__DUPLICATE_METHOD_MATCH = YES;
				"CODE_SIGN_IDENTITY[sdk=iphoneos*]" = "iPhone Developer";
				COPY_PHASE_STRIP = NO;
				DEBUG_INFORMATION_FORMAT = dwarf;
				ENABLE_STRICT_OBJC_MSGSEND = YES;
				ENABLE_TESTABILITY = YES;
				GCC_C_LANGUAGE_STANDARD = gnu99;
				GCC_DYNAMIC_NO_PIC = NO;
				GCC_NO_COMMON_BLOCKS = YES;
				GCC_OPTIMIZATION_LEVEL = 0;
				GCC_PREPROCESSOR_DEFINITIONS = (
					"DEBUG=1",
					"$(inherited)",
				);
				GCC_WARN_64_TO_32_BIT_CONVERSION = YES;
				GCC_WARN_ABOUT_RETURN_TYPE = YES_ERROR;
				GCC_WARN_UNDECLARED_SELECTOR = YES;
				GCC_WARN_UNINITIALIZED_AUTOS = YES_AGGRESSIVE;
				GCC_WARN_UNUSED_FUNCTION = YES;
				GCC_WARN_UNUSED_VARIABLE = YES;
				IPHONEOS_DEPLOYMENT_TARGET = 9.3;
				MTL_ENABLE_DEBUG_INFO = YES;
				ONLY_ACTIVE_ARCH = YES;
				SDKROOT = iphoneos;
			};
			name = Debug;
		};
		572965C41DFE96F700599A75 /* Release */ = {
			isa = XCBuildConfiguration;
			buildSettings = {
				ALWAYS_SEARCH_USER_PATHS = NO;
				CLANG_ANALYZER_NONNULL = YES;
				CLANG_CXX_LANGUAGE_STANDARD = "gnu++0x";
				CLANG_CXX_LIBRARY = "libc++";
				CLANG_ENABLE_MODULES = YES;
				CLANG_ENABLE_OBJC_ARC = YES;
				CLANG_WARN_BOOL_CONVERSION = YES;
				CLANG_WARN_CONSTANT_CONVERSION = YES;
				CLANG_WARN_DIRECT_OBJC_ISA_USAGE = YES_ERROR;
				CLANG_WARN_EMPTY_BODY = YES;
				CLANG_WARN_ENUM_CONVERSION = YES;
				CLANG_WARN_INT_CONVERSION = YES;
				CLANG_WARN_OBJC_ROOT_CLASS = YES_ERROR;
				CLANG_WARN_UNREACHABLE_CODE = YES;
				CLANG_WARN__DUPLICATE_METHOD_MATCH = YES;
				"CODE_SIGN_IDENTITY[sdk=iphoneos*]" = "iPhone Developer";
				COPY_PHASE_STRIP = NO;
				DEBUG_INFORMATION_FORMAT = "dwarf-with-dsym";
				ENABLE_NS_ASSERTIONS = NO;
				ENABLE_STRICT_OBJC_MSGSEND = YES;
				GCC_C_LANGUAGE_STANDARD = gnu99;
				GCC_NO_COMMON_BLOCKS = YES;
				GCC_WARN_64_TO_32_BIT_CONVERSION = YES;
				GCC_WARN_ABOUT_RETURN_TYPE = YES_ERROR;
				GCC_WARN_UNDECLARED_SELECTOR = YES;
				GCC_WARN_UNINITIALIZED_AUTOS = YES_AGGRESSIVE;
				GCC_WARN_UNUSED_FUNCTION = YES;
				GCC_WARN_UNUSED_VARIABLE = YES;
				IPHONEOS_DEPLOYMENT_TARGET = 9.3;
				MTL_ENABLE_DEBUG_INFO = NO;
				SDKROOT = iphoneos;
				VALIDATE_PRODUCT = YES;
			};
			name = Release;
		};
		572965C61DFE96F700599A75 /* Debug */ = {
			isa = XCBuildConfiguration;
			baseConfigurationReference = 30B1D49E5705964AFE984700 /* Pods-testScreen.debug.xcconfig */;
			buildSettings = {
				ASSETCATALOG_COMPILER_APPICON_NAME = AppIcon;
				INFOPLIST_FILE = testScreen/Info.plist;
				LD_RUNPATH_SEARCH_PATHS = "$(inherited) @executable_path/Frameworks";
				PRODUCT_BUNDLE_IDENTIFIER = laowu.testScreen;
				PRODUCT_NAME = "$(TARGET_NAME)";
			};
			name = Debug;
		};
		572965C71DFE96F700599A75 /* Release */ = {
			isa = XCBuildConfiguration;
			baseConfigurationReference = 87F39D28B4753DDD76C77C02 /* Pods-testScreen.release.xcconfig */;
			buildSettings = {
				ASSETCATALOG_COMPILER_APPICON_NAME = AppIcon;
				INFOPLIST_FILE = testScreen/Info.plist;
				LD_RUNPATH_SEARCH_PATHS = "$(inherited) @executable_path/Frameworks";
				PRODUCT_BUNDLE_IDENTIFIER = laowu.testScreen;
				PRODUCT_NAME = "$(TARGET_NAME)";
			};
			name = Release;
		};
/* End XCBuildConfiguration section */

/* Begin XCConfigurationList section */
		572965A91DFE96F700599A75 /* Build configuration list for PBXProject "testScreen" */ = {
			isa = XCConfigurationList;
			buildConfigurations = (
				572965C31DFE96F700599A75 /* Debug */,
				572965C41DFE96F700599A75 /* Release */,
			);
			defaultConfigurationIsVisible = 0;
			defaultConfigurationName = Release;
		};
		572965C51DFE96F700599A75 /* Build configuration list for PBXNativeTarget "testScreen" */ = {
			isa = XCConfigurationList;
			buildConfigurations = (
				572965C61DFE96F700599A75 /* Debug */,
				572965C71DFE96F700599A75 /* Release */,
			);
			defaultConfigurationIsVisible = 0;
			defaultConfigurationName = Release;
		};
/* End XCConfigurationList section */
	};
	rootObject = 572965A61DFE96F700599A75 /* Project object */;
}
